
Microsoft Visual Studio Solution File, Format Version 12.00
# Visual Studio 2013
VisualStudioVersion = 12.0.21005.1
MinimumVisualStudioVersion = 10.0.40219.1
Project("{FAE04EC0-301F-11D3-BF4B-00C04F79EFBC}") = "01SquareRoot", "SquareRoot\01SquareRoot.csproj", "{845891A3-CBC7-4C8A-B237-210CFEAA0C27}"
EndProject
Project("{FAE04EC0-301F-11D3-BF4B-00C04F79EFBC}") = "02EnterNumbers", "EnterNumbers\02EnterNumbers.csproj", "{062B81AC-733E-4E7F-B6F2-88A956838905}"
EndProject
Project("{FAE04EC0-301F-11D3-BF4B-00C04F79EFBC}") = "04DownloadFile", "DownloadFile\04DownloadFile.csproj", "{8B705983-6F92-4877-863D-2E719EC621C2}"
EndProject
Project("{FAE04EC0-301F-11D3-BF4B-00C04F79EFBC}") = "03ReadFileContents", "ReadFileContents\03ReadFileContents.csproj", "{069C8A95-9D27-4B48-B029-C50C55B67960}"
EndProject
Global
	GlobalSection(SolutionConfigurationPlatforms) = preSolution
		Debug|Any CPU = Debug|Any CPU
		Release|Any CPU = Release|Any CPU
	EndGlobalSection
	GlobalSection(ProjectConfigurationPlatforms) = postSolution
		{845891A3-CBC7-4C8A-B237-210CFEAA0C27}.Debug|Any CPU.ActiveCfg = Debug|Any CPU
		{845891A3-CBC7-4C8A-B237-210CFEAA0C27}.Debug|Any CPU.Build.0 = Debug|Any CPU
		{845891A3-CBC7-4C8A-B237-210CFEAA0C27}.Release|Any CPU.ActiveCfg = Release|Any CPU
		{845891A3-CBC7-4C8A-B237-210CFEAA0C27}.Release|Any CPU.Build.0 = Release|Any CPU
		{062B81AC-733E-4E7F-B6F2-88A956838905}.Debug|Any CPU.ActiveCfg = Debug|Any CPU
		{062B81AC-733E-4E7F-B6F2-88A956838905}.Debug|Any CPU.Build.0 = Debug|Any CPU
		{062B81AC-733E-4E7F-B6F2-88A956838905}.Release|Any CPU.ActiveCfg = Release|Any CPU
		{062B81AC-733E-4E7F-B6F2-88A956838905}.Release|Any CPU.Build.0 = Release|Any CPU
		{8B705983-6F92-4877-863D-2E719EC621C2}.Debug|Any CPU.ActiveCfg = Debug|Any CPU
		{8B705983-6F92-4877-863D-2E719EC621C2}.Debug|Any CPU.Build.0 = Debug|Any CPU
		{8B705983-6F92-4877-863D-2E719EC621C2}.Release|Any CPU.ActiveCfg = Release|Any CPU
		{8B705983-6F92-4877-863D-2E719EC621C2}.Release|Any CPU.Build.0 = Release|Any CPU
		{069C8A95-9D27-4B48-B029-C50C55B67960}.Debug|Any CPU.ActiveCfg = Debug|Any CPU
		{069C8A95-9D27-4B48-B029-C50C55B67960}.Debug|Any CPU.Build.0 = Debug|Any CPU
		{069C8A95-9D27-4B48-B029-C50C55B67960}.Release|Any CPU.ActiveCfg = Release|Any CPU
		{069C8A95-9D27-4B48-B029-C50C55B67960}.Release|Any CPU.Build.0 = Release|Any CPU
	EndGlobalSection
	GlobalSection(SolutionProperties) = preSolution
		HideSolutionNode = FALSE
	EndGlobalSection
EndGlobal
